
Microsoft Visual Studio Solution File, Format Version 12.00
# Visual Studio Version 17
VisualStudioVersion = 17.10.35027.167
MinimumVisualStudioVersion = 10.0.40219.1
Project("{FAE04EC0-301F-11D3-BF4B-00C04F79EFBC}") = "EntityFramework_1", "EntityFramework_1\EntityFramework_1.csproj", "{7CB0EF22-A239-41B5-83B8-767799A4BCA6}"
EndProject
Global
	GlobalSection(SolutionConfigurationPlatforms) = preSolution
		Debug|Any CPU = Debug|Any CPU
		Release|Any CPU = Release|Any CPU
	EndGlobalSection
	GlobalSection(ProjectConfigurationPlatforms) = postSolution
		{7CB0EF22-A239-41B5-83B8-767799A4BCA6}.Debug|Any CPU.ActiveCfg = Debug|Any CPU
		{7CB0EF22-A239-41B5-83B8-767799A4BCA6}.Debug|Any CPU.Build.0 = Debug|Any CPU
		{7CB0EF22-A239-41B5-83B8-767799A4BCA6}.Release|Any CPU.ActiveCfg = Release|Any CPU
		{7CB0EF22-A239-41B5-83B8-767799A4BCA6}.Release|Any CPU.Build.0 = Release|Any CPU
	EndGlobalSection
	GlobalSection(SolutionProperties) = preSolution
		HideSolutionNode = FALSE
	EndGlobalSection
	GlobalSection(ExtensibilityGlobals) = postSolution
		SolutionGuid = {528F421E-A2B4-48EA-8730-27CA60B850E3}
	EndGlobalSection
EndGlobal
